
Microsoft Visual Studio Solution File, Format Version 12.00
# Visual Studio Version 17
VisualStudioVersion = 17.0.32126.317
MinimumVisualStudioVersion = 10.0.40219.1
Project("{2150E333-8FDC-42A3-9474-1A3956D46DE8}") = "src", "src", "{F3705ED2-032A-442A-A090-9B2158A94063}"
EndProject
Project("{9A19103F-16F7-4668-BE54-9A1E7A4F7556}") = "PackIT.Domain", "src\PackIT.Domain\PackIT.Domain.csproj", "{4F065814-8D66-4F36-8B98-8B4AB1E2FB65}"
EndProject
Project("{9A19103F-16F7-4668-BE54-9A1E7A4F7556}") = "PackIT.Infrastructure", "src\PackIT.Infrastructure\PackIT.Infrastructure.csproj", "{4BB2FB3F-BF27-4977-B1CE-B5207C22D75B}"
	ProjectSection(ProjectDependencies) = postProject
		{6A483F0D-FA4B-498D-AE5B-74F27FA90C42} = {6A483F0D-FA4B-498D-AE5B-74F27FA90C42}
	EndProjectSection
EndProject
Project("{2150E333-8FDC-42A3-9474-1A3956D46DE8}") = "Shared", "Shared", "{F8E73901-2327-424C-8713-D0181E420264}"
EndProject
Project("{9A19103F-16F7-4668-BE54-9A1E7A4F7556}") = "PackIT.Shared.Abstractions", "src\PackIT.Shared.Abstractions\PackIT.Shared.Abstractions.csproj", "{C06ECC2D-EEE6-4448-9625-57C1DB87301B}"
EndProject
Project("{9A19103F-16F7-4668-BE54-9A1E7A4F7556}") = "PackIT.Shared", "src\PackIT.Shared\PackIT.Shared.csproj", "{80C7A715-17F3-4BB1-BEFF-4A294BC1B011}"
EndProject
Project("{FAE04EC0-301F-11D3-BF4B-00C04F79EFBC}") = "PackIT.Api", "src\PackIT.Api\PackIT.Api.csproj", "{A58889D6-9A19-4BBA-A090-0E0B457BA61E}"
EndProject
Project("{FAE04EC0-301F-11D3-BF4B-00C04F79EFBC}") = "PackIT.Application", "src\PackIT.Application\PackIT.Application.csproj", "{6A483F0D-FA4B-498D-AE5B-74F27FA90C42}"
EndProject
Global
	GlobalSection(SolutionConfigurationPlatforms) = preSolution
		Debug|Any CPU = Debug|Any CPU
		Release|Any CPU = Release|Any CPU
	EndGlobalSection
	GlobalSection(ProjectConfigurationPlatforms) = postSolution
		{4F065814-8D66-4F36-8B98-8B4AB1E2FB65}.Debug|Any CPU.ActiveCfg = Debug|Any CPU
		{4F065814-8D66-4F36-8B98-8B4AB1E2FB65}.Debug|Any CPU.Build.0 = Debug|Any CPU
		{4F065814-8D66-4F36-8B98-8B4AB1E2FB65}.Release|Any CPU.ActiveCfg = Release|Any CPU
		{4F065814-8D66-4F36-8B98-8B4AB1E2FB65}.Release|Any CPU.Build.0 = Release|Any CPU
		{4BB2FB3F-BF27-4977-B1CE-B5207C22D75B}.Debug|Any CPU.ActiveCfg = Debug|Any CPU
		{4BB2FB3F-BF27-4977-B1CE-B5207C22D75B}.Debug|Any CPU.Build.0 = Debug|Any CPU
		{4BB2FB3F-BF27-4977-B1CE-B5207C22D75B}.Release|Any CPU.ActiveCfg = Release|Any CPU
		{4BB2FB3F-BF27-4977-B1CE-B5207C22D75B}.Release|Any CPU.Build.0 = Release|Any CPU
		{C06ECC2D-EEE6-4448-9625-57C1DB87301B}.Debug|Any CPU.ActiveCfg = Debug|Any CPU
		{C06ECC2D-EEE6-4448-9625-57C1DB87301B}.Debug|Any CPU.Build.0 = Debug|Any CPU
		{C06ECC2D-EEE6-4448-9625-57C1DB87301B}.Release|Any CPU.ActiveCfg = Release|Any CPU
		{C06ECC2D-EEE6-4448-9625-57C1DB87301B}.Release|Any CPU.Build.0 = Release|Any CPU
		{80C7A715-17F3-4BB1-BEFF-4A294BC1B011}.Debug|Any CPU.ActiveCfg = Debug|Any CPU
		{80C7A715-17F3-4BB1-BEFF-4A294BC1B011}.Debug|Any CPU.Build.0 = Debug|Any CPU
		{80C7A715-17F3-4BB1-BEFF-4A294BC1B011}.Release|Any CPU.ActiveCfg = Release|Any CPU
		{80C7A715-17F3-4BB1-BEFF-4A294BC1B011}.Release|Any CPU.Build.0 = Release|Any CPU
		{A58889D6-9A19-4BBA-A090-0E0B457BA61E}.Debug|Any CPU.ActiveCfg = Debug|Any CPU
		{A58889D6-9A19-4BBA-A090-0E0B457BA61E}.Debug|Any CPU.Build.0 = Debug|Any CPU
		{A58889D6-9A19-4BBA-A090-0E0B457BA61E}.Release|Any CPU.ActiveCfg = Release|Any CPU
		{A58889D6-9A19-4BBA-A090-0E0B457BA61E}.Release|Any CPU.Build.0 = Release|Any CPU
		{6A483F0D-FA4B-498D-AE5B-74F27FA90C42}.Debug|Any CPU.ActiveCfg = Debug|Any CPU
		{6A483F0D-FA4B-498D-AE5B-74F27FA90C42}.Debug|Any CPU.Build.0 = Debug|Any CPU
		{6A483F0D-FA4B-498D-AE5B-74F27FA90C42}.Release|Any CPU.ActiveCfg = Release|Any CPU
		{6A483F0D-FA4B-498D-AE5B-74F27FA90C42}.Release|Any CPU.Build.0 = Release|Any CPU
	EndGlobalSection
	GlobalSection(SolutionProperties) = preSolution
		HideSolutionNode = FALSE
	EndGlobalSection
	GlobalSection(NestedProjects) = preSolution
		{4F065814-8D66-4F36-8B98-8B4AB1E2FB65} = {F3705ED2-032A-442A-A090-9B2158A94063}
		{4BB2FB3F-BF27-4977-B1CE-B5207C22D75B} = {F3705ED2-032A-442A-A090-9B2158A94063}
		{F8E73901-2327-424C-8713-D0181E420264} = {F3705ED2-032A-442A-A090-9B2158A94063}
		{C06ECC2D-EEE6-4448-9625-57C1DB87301B} = {F8E73901-2327-424C-8713-D0181E420264}
		{80C7A715-17F3-4BB1-BEFF-4A294BC1B011} = {F8E73901-2327-424C-8713-D0181E420264}
		{A58889D6-9A19-4BBA-A090-0E0B457BA61E} = {F3705ED2-032A-442A-A090-9B2158A94063}
		{6A483F0D-FA4B-498D-AE5B-74F27FA90C42} = {F3705ED2-032A-442A-A090-9B2158A94063}
	EndGlobalSection
	GlobalSection(ExtensibilityGlobals) = postSolution
		SolutionGuid = {DD07931F-CE1D-437A-97C5-93373473D82C}
	EndGlobalSection
EndGlobal
